# This file is automatically @generated by Cargo.
# It is not intended for manual editing.
version = 4

[[package]]
name = "picosimd"
version = "0.9.3"
source = "registry+https://github.com/rust-lang/crates.io-index"
checksum = "3f8cf1ae70818c6476eb2da0ac8f3f55ecdea41a7aa16824ea6efc4a31cccf41"

[[package]]
name = "polkavm-common"
version = "0.33.0"
dependencies = [
 "picosimd",
]

[[package]]
name = "pvm_inspect"
version = "0.1.0"
dependencies = [
 "polkavm-common",
]
